
Microsoft Visual Studio Solution File, Format Version 12.00
# Visual Studio 15
VisualStudioVersion = 15.0.28010.2019
MinimumVisualStudioVersion = 10.0.40219.1
Project("{FAE04EC0-301F-11D3-BF4B-00C04F79EFBC}") = "GitTutorial", "GitTutorial\GitTutorial.csproj", "{3C8532D3-30E1-476D-B196-423167A40AD5}"
EndProject
Global
	GlobalSection(SolutionConfigurationPlatforms) = preSolution
		Debug|Any CPU = Debug|Any CPU
		Release|Any CPU = Release|Any CPU
	EndGlobalSection
	GlobalSection(ProjectConfigurationPlatforms) = postSolution
		{3C8532D3-30E1-476D-B196-423167A40AD5}.Debug|Any CPU.ActiveCfg = Debug|Any CPU
		{3C8532D3-30E1-476D-B196-423167A40AD5}.Debug|Any CPU.Build.0 = Debug|Any CPU
		{3C8532D3-30E1-476D-B196-423167A40AD5}.Release|Any CPU.ActiveCfg = Release|Any CPU
		{3C8532D3-30E1-476D-B196-423167A40AD5}.Release|Any CPU.Build.0 = Release|Any CPU
	EndGlobalSection
	GlobalSection(SolutionProperties) = preSolution
		HideSolutionNode = FALSE
	EndGlobalSection
	GlobalSection(ExtensibilityGlobals) = postSolution
		SolutionGuid = {FE2AED78-813D-43E5-AD7B-CFF2EF3A0906}
	EndGlobalSection
EndGlobal
